PODS:
  - GGXSwiftExtension (0.5.9)
  - GGXSynthesisSpeech (0.1.0):
    - PTDebugView
  - PTDebugView (0.1.7):
    - GGXSwiftExtension

DEPENDENCIES:
  - GGXSynthesisSpeech (from `../`)

SPEC REPOS:
  trunk:
    - GGXSwiftExtension
    - PTDebugView

EXTERNAL SOURCES:
  GGXSynthesisSpeech:
    :path: "../"

SPEC CHECKSUMS:
  GGXSwiftExtension: a070b544382d1d489313d2d2425da0f3eeb18e9c
  GGXSynthesisSpeech: 15ccc0fd00c34202098f1500612346c532d72b25
  PTDebugView: f820bcba8b30ba421016b45f31812c0fdbd731a7

PODFILE CHECKSUM: ba44a623f8a92cea389e5b4cfc47ed8369aacfae

COCOAPODS: 1.15.0
