PODS:
  - GGXSwiftExtension (0.6.1)
  - GGXSynthesisSpeech (0.1.1):
    - MicrosoftCognitiveServicesSpeech-iOS
    - PTDebugView
  - MicrosoftCognitiveServicesSpeech-iOS (1.38.0)
  - PTDebugView (0.1.8):
    - GGXSwiftExtension
  - SmartCodable (4.1.1)

DEPENDENCIES:
  - GGXSwiftExtension (from `~/Documents/GitHub/ggxswiftexten`)
  - GGXSynthesisSpeech (from `../`)
  - SmartCodable

SPEC REPOS:
  trunk:
    - MicrosoftCognitiveServicesSpeech-iOS
    - PTDebugView
    - SmartCodable

EXTERNAL SOURCES:
  GGXSwiftExtension:
    :path: "~/Documents/GitHub/ggxswiftexten"
  GGXSynthesisSpeech:
    :path: "../"

SPEC CHECKSUMS:
  GGXSwiftExtension: 18dcd5c76b1ea5e64d61e44b26d178e69fd2dc61
  GGXSynthesisSpeech: 32ea5702ea878526c04ea4889c578ac88cbae78d
  MicrosoftCognitiveServicesSpeech-iOS: 614ca9b9bcb836d210823bf31abef7cb5b101035
  PTDebugView: fcba2d292157f90bb3808d8c3bbfafdb42fada88
  SmartCodable: 092fd8c698dc958fc95e1d93baf3b497f9ab1715

PODFILE CHECKSUM: 22a9cecfee23dd392e6868575b00a16ff774f5e9

COCOAPODS: 1.15.0
